
Microsoft Visual Studio Solution File, Format Version 12.00
# Visual Studio 2013
VisualStudioVersion = 12.0.40629.0
MinimumVisualStudioVersion = 10.0.40219.1
Project("{8BC9CEB8-8B4A-11D0-8D11-00A0C91BC942}") = "emath", "emath\emath.vcxproj", "{BC0C093E-9359-4E94-8B20-D6E0053587C4}"
EndProject
Project("{8BC9CEB8-8B4A-11D0-8D11-00A0C91BC942}") = "db", "db\db.vcxproj", "{F1ACF5B5-3F6C-428C-B9A3-E26F5C73EDE8}"
EndProject
Project("{8BC9CEB8-8B4A-11D0-8D11-00A0C91BC942}") = "libanalyzer", "libanalyzer\libanalyzer.vcxproj", "{31C10E46-2327-411F-8B3F-D3995DBE1362}"
EndProject
Project("{8BC9CEB8-8B4A-11D0-8D11-00A0C91BC942}") = "analyzer_tools", "analyzer_tools\analyzer_tools.vcxproj", "{7F6F35C8-0987-44E8-8C37-902763C34B98}"
	ProjectSection(ProjectDependencies) = postProject
		{BC0C093E-9359-4E94-8B20-D6E0053587C4} = {BC0C093E-9359-4E94-8B20-D6E0053587C4}
		{31C10E46-2327-411F-8B3F-D3995DBE1362} = {31C10E46-2327-411F-8B3F-D3995DBE1362}
		{F1ACF5B5-3F6C-428C-B9A3-E26F5C73EDE8} = {F1ACF5B5-3F6C-428C-B9A3-E26F5C73EDE8}
	EndProjectSection
EndProject
Global
	GlobalSection(SolutionConfigurationPlatforms) = preSolution
		Debug|x64 = Debug|x64
		Release|x64 = Release|x64
	EndGlobalSection
	GlobalSection(ProjectConfigurationPlatforms) = postSolution
		{BC0C093E-9359-4E94-8B20-D6E0053587C4}.Debug|x64.ActiveCfg = Debug|x64
		{BC0C093E-9359-4E94-8B20-D6E0053587C4}.Debug|x64.Build.0 = Debug|x64
		{BC0C093E-9359-4E94-8B20-D6E0053587C4}.Release|x64.ActiveCfg = Release|x64
		{BC0C093E-9359-4E94-8B20-D6E0053587C4}.Release|x64.Build.0 = Release|x64
		{F1ACF5B5-3F6C-428C-B9A3-E26F5C73EDE8}.Debug|x64.ActiveCfg = Debug|x64
		{F1ACF5B5-3F6C-428C-B9A3-E26F5C73EDE8}.Debug|x64.Build.0 = Debug|x64
		{F1ACF5B5-3F6C-428C-B9A3-E26F5C73EDE8}.Release|x64.ActiveCfg = Release|x64
		{F1ACF5B5-3F6C-428C-B9A3-E26F5C73EDE8}.Release|x64.Build.0 = Release|x64
		{31C10E46-2327-411F-8B3F-D3995DBE1362}.Debug|x64.ActiveCfg = Debug|x64
		{31C10E46-2327-411F-8B3F-D3995DBE1362}.Debug|x64.Build.0 = Debug|x64
		{31C10E46-2327-411F-8B3F-D3995DBE1362}.Release|x64.ActiveCfg = Release|x64
		{31C10E46-2327-411F-8B3F-D3995DBE1362}.Release|x64.Build.0 = Release|x64
		{7F6F35C8-0987-44E8-8C37-902763C34B98}.Debug|x64.ActiveCfg = Debug|x64
		{7F6F35C8-0987-44E8-8C37-902763C34B98}.Debug|x64.Build.0 = Debug|x64
		{7F6F35C8-0987-44E8-8C37-902763C34B98}.Release|x64.ActiveCfg = Release|x64
		{7F6F35C8-0987-44E8-8C37-902763C34B98}.Release|x64.Build.0 = Release|x64
	EndGlobalSection
	GlobalSection(SolutionProperties) = preSolution
		HideSolutionNode = FALSE
	EndGlobalSection
EndGlobal
