<?xml version="1.0" encoding="utf-8"?>
<Project ToolsVersion="4.0" xmlns="http://schemas.microsoft.com/developer/msbuild/2003">
  <ItemGroup>
    <Filter Include="src">
      <UniqueIdentifier>{3bc20f03-ccf9-4b2f-a28c-e5338dc80457}</UniqueIdentifier>
    </Filter>
    <Filter Include="src\utils">
      <UniqueIdentifier>{5767bae4-239f-4ff0-bdec-232e0ba3551f}</UniqueIdentifier>
    </Filter>
    <Filter Include="src\analyzer">
      <UniqueIdentifier>{898daa60-424a-42b4-94fb-2e71637c2d14}</UniqueIdentifier>
    </Filter>
    <Filter Include="src\recorder">
      <UniqueIdentifier>{6ede6190-1002-47c6-a3bc-65d31169045f}</UniqueIdentifier>
    </Filter>
  </ItemGroup>
  <ItemGroup>
    <ClCompile Include="src\main.cpp">
      <Filter>src</Filter>
    </ClCompile>
    <ClCompile Include="src\utils\filesystem.cpp">
      <Filter>src\utils</Filter>
    </ClCompile>
    <ClCompile Include="src\recorder\recorder.cpp">
      <Filter>src\recorder</Filter>
    </ClCompile>
    <ClCompile Include="src\analyzer\analyzer.cpp" />
    <ClCompile Include="src\utils\string_utils.cpp" />
    <ClCompile Include="include\proto\analyzer.pb.cc" />
    <ClCompile Include="src\analyzer\analyzer_distance.cpp" />
    <ClCompile Include="src\analyzer\analyzer_stat.cpp" />
    <ClCompile Include="src\analyzer\analyzer_print.cpp" />
    <ClCompile Include="src\recorder\recorder_caffepro.cpp" />
  </ItemGroup>
  <ItemGroup>
    <ClInclude Include="include\analyzer\analyzer.h" />
    <ClInclude Include="include\utils\color_print.h" />
    <ClInclude Include="include\recorder\recorder.h" />
    <ClInclude Include="include\utils\filesystem.h" />
    <ClInclude Include="include\config.h" />
    <ClInclude Include="include\utils\string_utils.h" />
    <ClInclude Include="include\proto\analyzer.pb.h" />
    <ClInclude Include="include\terminal.h" />
    <ClInclude Include="include\utils\inireader.h" />
    <ClInclude Include="include\utils\ini.h" />
  </ItemGroup>
</Project>